PODS:
  - Alamofire (4.4.0)
  - AlamofireImage (3.2.0):
    - Alamofire (~> 4.1)
  - AwesomeCache (5.0)
  - Freddy (3.0.0)
  - Moya (8.0.3):
    - Moya/Core (= 8.0.3)
  - Moya/Core (8.0.3):
    - Alamofire (~> 4.1)
    - Result (~> 3.0)
  - Nimble (6.1.0)
  - Result (3.2.1)

DEPENDENCIES:
  - AlamofireImage
  - AwesomeCache
  - Freddy
  - Moya
  - Nimble

SPEC CHECKSUMS:
  Alamofire: dc44b1600b800eb63da6a19039a0083d62a6a62d
  AlamofireImage: 157ed682cc81d3b9db4fb90c1f12180ac552d93b
  AwesomeCache: d8906955242173357caa0be0214d5e77dec32cc5
  Freddy: 367f994c88a90dd3987293b4b1bec94a4530745a
  Moya: d3721622e3cc0cc2f038d69a258686f0b66e7252
  Nimble: c53e6903fee94041b90ded74f135820437d8bf59
  Result: 2453a22e5c5b11c0c3a478736e82cd02f763b781

PODFILE CHECKSUM: 2f66579bc8ac348aedd204401ab036a31f94c666

COCOAPODS: 1.2.0
