// !$*UTF8*$!
{
	archiveVersion = 1;
	classes = {
	};
	objectVersion = 46;
	objects = {

/* Begin PBXBuildFile section */
		078B558C6C77F3C6DCDC4678 /* Pods_APIClientUITests.framework in Frameworks */ = {isa = PBXBuildFile; fileRef = 82531BA6D6228998A00AB5B6 /* Pods_APIClientUITests.framework */; };
		8744AA581CF2199F001B0470 /* PokemonViewController.swift in Sources */ = {isa = PBXBuildFile; fileRef = 8744AA571CF2199F001B0470 /* PokemonViewController.swift */; };
		8744AA5A1CF22716001B0470 /* PokedexEntriesViewController.swift in Sources */ = {isa = PBXBuildFile; fileRef = 8744AA591CF22716001B0470 /* PokedexEntriesViewController.swift */; };
		8744AA5C1CF22955001B0470 /* PokedexEntryCell.swift in Sources */ = {isa = PBXBuildFile; fileRef = 8744AA5B1CF22955001B0470 /* PokedexEntryCell.swift */; };
		874D06591CEF295E009A494D /* AppDelegate.swift in Sources */ = {isa = PBXBuildFile; fileRef = 874D06581CEF295E009A494D /* AppDelegate.swift */; };
		874D065B1CEF295E009A494D /* PokedexViewController.swift in Sources */ = {isa = PBXBuildFile; fileRef = 874D065A1CEF295E009A494D /* PokedexViewController.swift */; };
		874D065E1CEF295E009A494D /* Main.storyboard in Resources */ = {isa = PBXBuildFile; fileRef = 874D065C1CEF295E009A494D /* Main.storyboard */; };
		874D06601CEF295E009A494D /* Assets.xcassets in Resources */ = {isa = PBXBuildFile; fileRef = 874D065F1CEF295E009A494D /* Assets.xcassets */; };
		874D06631CEF295E009A494D /* LaunchScreen.storyboard in Resources */ = {isa = PBXBuildFile; fileRef = 874D06611CEF295E009A494D /* LaunchScreen.storyboard */; };
		874D066B1CEF2BC0009A494D /* PokeAPI.swift in Sources */ = {isa = PBXBuildFile; fileRef = 874D066A1CEF2BC0009A494D /* PokeAPI.swift */; };
		874D066D1CEF2F49009A494D /* Pokemon.swift in Sources */ = {isa = PBXBuildFile; fileRef = 874D066C1CEF2F49009A494D /* Pokemon.swift */; };
		874D066F1CEF372D009A494D /* Pokedex.swift in Sources */ = {isa = PBXBuildFile; fileRef = 874D066E1CEF372D009A494D /* Pokedex.swift */; };
		874D06711CEF6877009A494D /* PokemonSpeciesCell.swift in Sources */ = {isa = PBXBuildFile; fileRef = 874D06701CEF6877009A494D /* PokemonSpeciesCell.swift */; };
		8772EDAE1E99717500CE5D3A /* APIResource.swift in Sources */ = {isa = PBXBuildFile; fileRef = 8772EDAD1E99717500CE5D3A /* APIResource.swift */; };
		A526FDEE5BF2D1BC3C97B9FA /* Pods_APIClient.framework in Frameworks */ = {isa = PBXBuildFile; fileRef = BD8A5B3E1266D5298CABE44A /* Pods_APIClient.framework */; };
		E9294E7F05F2671186BD1359 /* Pods_APIClientTests.framework in Frameworks */ = {isa = PBXBuildFile; fileRef = 4FFA0A7AA37697BD5CBC3211 /* Pods_APIClientTests.framework */; };
/* End PBXBuildFile section */

/* Begin PBXContainerItemProxy section */
		87EC71541CFA380F00FBDDDE /* PBXContainerItemProxy */ = {
			isa = PBXContainerItemProxy;
			containerPortal = 874D064D1CEF295E009A494D /* Project object */;
			proxyType = 1;
			remoteGlobalIDString = 874D06541CEF295E009A494D;
			remoteInfo = APIClient;
		};
		87EC71621CFA381600FBDDDE /* PBXContainerItemProxy */ = {
			isa = PBXContainerItemProxy;
			containerPortal = 874D064D1CEF295E009A494D /* Project object */;
			proxyType = 1;
			remoteGlobalIDString = 874D06541CEF295E009A494D;
			remoteInfo = APIClient;
		};
/* End PBXContainerItemProxy section */

/* Begin PBXFileReference section */
		198B23CD94C6D84016A5208A /* Pods-APIClientUITests.release.xcconfig */ = {isa = PBXFileReference; includeInIndex = 1; lastKnownFileType = text.xcconfig; name = "Pods-APIClientUITests.release.xcconfig"; path = "Pods/Target Support Files/Pods-APIClientUITests/Pods-APIClientUITests.release.xcconfig"; sourceTree = "<group>"; };
		4FFA0A7AA37697BD5CBC3211 /* Pods_APIClientTests.framework */ = {isa = PBXFileReference; explicitFileType = wrapper.framework; includeInIndex = 0; path = Pods_APIClientTests.framework; sourceTree = BUILT_PRODUCTS_DIR; };
		65C820A0F52E3181871F5ECA /* Pods-APIClientTests.release.xcconfig */ = {isa = PBXFileReference; includeInIndex = 1; lastKnownFileType = text.xcconfig; name = "Pods-APIClientTests.release.xcconfig"; path = "Pods/Target Support Files/Pods-APIClientTests/Pods-APIClientTests.release.xcconfig"; sourceTree = "<group>"; };
		82531BA6D6228998A00AB5B6 /* Pods_APIClientUITests.framework */ = {isa = PBXFileReference; explicitFileType = wrapper.framework; includeInIndex = 0; path = Pods_APIClientUITests.framework; sourceTree = BUILT_PRODUCTS_DIR; };
		8744AA571CF2199F001B0470 /* PokemonViewController.swift */ = {isa = PBXFileReference; fileEncoding = 4; lastKnownFileType = sourcecode.swift; path = PokemonViewController.swift; sourceTree = "<group>"; };
		8744AA591CF22716001B0470 /* PokedexEntriesViewController.swift */ = {isa = PBXFileReference; fileEncoding = 4; lastKnownFileType = sourcecode.swift; path = PokedexEntriesViewController.swift; sourceTree = "<group>"; };
		8744AA5B1CF22955001B0470 /* PokedexEntryCell.swift */ = {isa = PBXFileReference; fileEncoding = 4; lastKnownFileType = sourcecode.swift; path = PokedexEntryCell.swift; sourceTree = "<group>"; };
		874D06551CEF295E009A494D /* APIClient.app */ = {isa = PBXFileReference; explicitFileType = wrapper.application; includeInIndex = 0; path = APIClient.app; sourceTree = BUILT_PRODUCTS_DIR; };
		874D06581CEF295E009A494D /* AppDelegate.swift */ = {isa = PBXFileReference; lastKnownFileType = sourcecode.swift; path = AppDelegate.swift; sourceTree = "<group>"; };
		874D065A1CEF295E009A494D /* PokedexViewController.swift */ = {isa = PBXFileReference; lastKnownFileType = sourcecode.swift; path = PokedexViewController.swift; sourceTree = "<group>"; };
		874D065D1CEF295E009A494D /* Base */ = {isa = PBXFileReference; lastKnownFileType = file.storyboard; name = Base; path = Base.lproj/Main.storyboard; sourceTree = "<group>"; };
		874D065F1CEF295E009A494D /* Assets.xcassets */ = {isa = PBXFileReference; lastKnownFileType = folder.assetcatalog; path = Assets.xcassets; sourceTree = "<group>"; };
		874D06621CEF295E009A494D /* Base */ = {isa = PBXFileReference; lastKnownFileType = file.storyboard; name = Base; path = Base.lproj/LaunchScreen.storyboard; sourceTree = "<group>"; };
		874D06641CEF295E009A494D /* Info.plist */ = {isa = PBXFileReference; lastKnownFileType = text.plist.xml; path = Info.plist; sourceTree = "<group>"; };
		874D066A1CEF2BC0009A494D /* PokeAPI.swift */ = {isa = PBXFileReference; fileEncoding = 4; lastKnownFileType = sourcecode.swift; path = PokeAPI.swift; sourceTree = "<group>"; };
		874D066C1CEF2F49009A494D /* Pokemon.swift */ = {isa = PBXFileReference; fileEncoding = 4; lastKnownFileType = sourcecode.swift; path = Pokemon.swift; sourceTree = "<group>"; };
		874D066E1CEF372D009A494D /* Pokedex.swift */ = {isa = PBXFileReference; fileEncoding = 4; lastKnownFileType = sourcecode.swift; path = Pokedex.swift; sourceTree = "<group>"; };
		874D06701CEF6877009A494D /* PokemonSpeciesCell.swift */ = {isa = PBXFileReference; fileEncoding = 4; lastKnownFileType = sourcecode.swift; path = PokemonSpeciesCell.swift; sourceTree = "<group>"; };
		8772EDAD1E99717500CE5D3A /* APIResource.swift */ = {isa = PBXFileReference; fileEncoding = 4; lastKnownFileType = sourcecode.swift; name = APIResource.swift; path = ../../pokedex/APIClient/APIResource.swift; sourceTree = "<group>"; };
		87EC714F1CFA380F00FBDDDE /* APIClientTests.xctest */ = {isa = PBXFileReference; explicitFileType = wrapper.cfbundle; includeInIndex = 0; path = APIClientTests.xctest; sourceTree = BUILT_PRODUCTS_DIR; };
		87EC71531CFA380F00FBDDDE /* Info.plist */ = {isa = PBXFileReference; lastKnownFileType = text.plist.xml; path = Info.plist; sourceTree = "<group>"; };
		87EC715D1CFA381600FBDDDE /* APIClientUITests.xctest */ = {isa = PBXFileReference; explicitFileType = wrapper.cfbundle; includeInIndex = 0; path = APIClientUITests.xctest; sourceTree = BUILT_PRODUCTS_DIR; };
		87EC71611CFA381600FBDDDE /* Info.plist */ = {isa = PBXFileReference; lastKnownFileType = text.plist.xml; path = Info.plist; sourceTree = "<group>"; };
		93EFAB13AE62F1B6FB2683B2 /* Pods-APIClient.debug.xcconfig */ = {isa = PBXFileReference; includeInIndex = 1; lastKnownFileType = text.xcconfig; name = "Pods-APIClient.debug.xcconfig"; path = "Pods/Target Support Files/Pods-APIClient/Pods-APIClient.debug.xcconfig"; sourceTree = "<group>"; };
		BD8A5B3E1266D5298CABE44A /* Pods_APIClient.framework */ = {isa = PBXFileReference; explicitFileType = wrapper.framework; includeInIndex = 0; path = Pods_APIClient.framework; sourceTree = BUILT_PRODUCTS_DIR; };
		C67B3B3E7990BE278400974F /* Pods-APIClientUITests.debug.xcconfig */ = {isa = PBXFileReference; includeInIndex = 1; lastKnownFileType = text.xcconfig; name = "Pods-APIClientUITests.debug.xcconfig"; path = "Pods/Target Support Files/Pods-APIClientUITests/Pods-APIClientUITests.debug.xcconfig"; sourceTree = "<group>"; };
		F8B9811B1068B05E73195990 /* Pods-APIClientTests.debug.xcconfig */ = {isa = PBXFileReference; includeInIndex = 1; lastKnownFileType = text.xcconfig; name = "Pods-APIClientTests.debug.xcconfig"; path = "Pods/Target Support Files/Pods-APIClientTests/Pods-APIClientTests.debug.xcconfig"; sourceTree = "<group>"; };
		FFE13D543A95D28F27CFBDA4 /* Pods-APIClient.release.xcconfig */ = {isa = PBXFileReference; includeInIndex = 1; lastKnownFileType = text.xcconfig; name = "Pods-APIClient.release.xcconfig"; path = "Pods/Target Support Files/Pods-APIClient/Pods-APIClient.release.xcconfig"; sourceTree = "<group>"; };
/* End PBXFileReference section */

/* Begin PBXFrameworksBuildPhase section */
		874D06521CEF295E009A494D /* Frameworks */ = {
			isa = PBXFrameworksBuildPhase;
			buildActionMask = 2147483647;
			files = (
				A526FDEE5BF2D1BC3C97B9FA /* Pods_APIClient.framework in Frameworks */,
			);
			runOnlyForDeploymentPostprocessing = 0;
		};
		87EC714C1CFA380F00FBDDDE /* Frameworks */ = {
			isa = PBXFrameworksBuildPhase;
			buildActionMask = 2147483647;
			files = (
				E9294E7F05F2671186BD1359 /* Pods_APIClientTests.framework in Frameworks */,
			);
			runOnlyForDeploymentPostprocessing = 0;
		};
		87EC715A1CFA381600FBDDDE /* Frameworks */ = {
			isa = PBXFrameworksBuildPhase;
			buildActionMask = 2147483647;
			files = (
				078B558C6C77F3C6DCDC4678 /* Pods_APIClientUITests.framework in Frameworks */,
			);
			runOnlyForDeploymentPostprocessing = 0;
		};
/* End PBXFrameworksBuildPhase section */

/* Begin PBXGroup section */
		872A27571CF0D4E200A988C4 /* View Controller */ = {
			isa = PBXGroup;
			children = (
				8744AA571CF2199F001B0470 /* PokemonViewController.swift */,
				8744AA591CF22716001B0470 /* PokedexEntriesViewController.swift */,
				874D065A1CEF295E009A494D /* PokedexViewController.swift */,
			);
			name = "View Controller";
			sourceTree = "<group>";
		};
		872A27581CF0D4EB00A988C4 /* View */ = {
			isa = PBXGroup;
			children = (
				8744AA5B1CF22955001B0470 /* PokedexEntryCell.swift */,
				874D06701CEF6877009A494D /* PokemonSpeciesCell.swift */,
			);
			name = View;
			sourceTree = "<group>";
		};
		872A27591CF0D64A00A988C4 /* Model */ = {
			isa = PBXGroup;
			children = (
				8772EDAD1E99717500CE5D3A /* APIResource.swift */,
				874D066A1CEF2BC0009A494D /* PokeAPI.swift */,
				874D066E1CEF372D009A494D /* Pokedex.swift */,
				874D066C1CEF2F49009A494D /* Pokemon.swift */,
			);
			name = Model;
			sourceTree = "<group>";
		};
		872A275A1CF0D65300A988C4 /* Supporting Files */ = {
			isa = PBXGroup;
			children = (
				874D065F1CEF295E009A494D /* Assets.xcassets */,
				874D06611CEF295E009A494D /* LaunchScreen.storyboard */,
				874D06641CEF295E009A494D /* Info.plist */,
			);
			name = "Supporting Files";
			sourceTree = "<group>";
		};
		874D064C1CEF295E009A494D = {
			isa = PBXGroup;
			children = (
				874D06571CEF295E009A494D /* APIClient */,
				87EC71501CFA380F00FBDDDE /* APIClientTests */,
				87EC715E1CFA381600FBDDDE /* APIClientUITests */,
				874D06561CEF295E009A494D /* Products */,
				CF558E3374C5C3F956C82B81 /* Pods */,
				D9BE20B845CB84F96D784197 /* Frameworks */,
			);
			sourceTree = "<group>";
		};
		874D06561CEF295E009A494D /* Products */ = {
			isa = PBXGroup;
			children = (
				874D06551CEF295E009A494D /* APIClient.app */,
				87EC714F1CFA380F00FBDDDE /* APIClientTests.xctest */,
				87EC715D1CFA381600FBDDDE /* APIClientUITests.xctest */,
			);
			name = Products;
			sourceTree = "<group>";
		};
		874D06571CEF295E009A494D /* APIClient */ = {
			isa = PBXGroup;
			children = (
				874D06581CEF295E009A494D /* AppDelegate.swift */,
				874D065C1CEF295E009A494D /* Main.storyboard */,
				872A27571CF0D4E200A988C4 /* View Controller */,
				872A27581CF0D4EB00A988C4 /* View */,
				872A27591CF0D64A00A988C4 /* Model */,
				872A275A1CF0D65300A988C4 /* Supporting Files */,
			);
			path = APIClient;
			sourceTree = "<group>";
		};
		87EC71501CFA380F00FBDDDE /* APIClientTests */ = {
			isa = PBXGroup;
			children = (
				87EC71531CFA380F00FBDDDE /* Info.plist */,
			);
			path = APIClientTests;
			sourceTree = "<group>";
		};
		87EC715E1CFA381600FBDDDE /* APIClientUITests */ = {
			isa = PBXGroup;
			children = (
				87EC71611CFA381600FBDDDE /* Info.plist */,
			);
			path = APIClientUITests;
			sourceTree = "<group>";
		};
		CF558E3374C5C3F956C82B81 /* Pods */ = {
			isa = PBXGroup;
			children = (
				93EFAB13AE62F1B6FB2683B2 /* Pods-APIClient.debug.xcconfig */,
				FFE13D543A95D28F27CFBDA4 /* Pods-APIClient.release.xcconfig */,
				F8B9811B1068B05E73195990 /* Pods-APIClientTests.debug.xcconfig */,
				65C820A0F52E3181871F5ECA /* Pods-APIClientTests.release.xcconfig */,
				C67B3B3E7990BE278400974F /* Pods-APIClientUITests.debug.xcconfig */,
				198B23CD94C6D84016A5208A /* Pods-APIClientUITests.release.xcconfig */,
			);
			name = Pods;
			sourceTree = "<group>";
		};
		D9BE20B845CB84F96D784197 /* Frameworks */ = {
			isa = PBXGroup;
			children = (
				BD8A5B3E1266D5298CABE44A /* Pods_APIClient.framework */,
				4FFA0A7AA37697BD5CBC3211 /* Pods_APIClientTests.framework */,
				82531BA6D6228998A00AB5B6 /* Pods_APIClientUITests.framework */,
			);
			name = Frameworks;
			sourceTree = "<group>";
		};
/* End PBXGroup section */

/* Begin PBXNativeTarget section */
		874D06541CEF295E009A494D /* APIClient */ = {
			isa = PBXNativeTarget;
			buildConfigurationList = 874D06671CEF295E009A494D /* Build configuration list for PBXNativeTarget "APIClient" */;
			buildPhases = (
				766803B31A3F89C2C74D599B /* [CP] Check Pods Manifest.lock */,
				874D06511CEF295E009A494D /* Sources */,
				874D06521CEF295E009A494D /* Frameworks */,
				874D06531CEF295E009A494D /* Resources */,
				63A898AB1E385BFD9CE49E01 /* [CP] Embed Pods Frameworks */,
				353BFD219018DADC12E19A38 /* [CP] Copy Pods Resources */,
			);
			buildRules = (
			);
			dependencies = (
			);
			name = APIClient;
			productName = APIClient;
			productReference = 874D06551CEF295E009A494D /* APIClient.app */;
			productType = "com.apple.product-type.application";
		};
		87EC714E1CFA380F00FBDDDE /* APIClientTests */ = {
			isa = PBXNativeTarget;
			buildConfigurationList = 87EC71581CFA380F00FBDDDE /* Build configuration list for PBXNativeTarget "APIClientTests" */;
			buildPhases = (
				46810DD19FC8355AB5B97BE0 /* [CP] Check Pods Manifest.lock */,
				87EC714B1CFA380F00FBDDDE /* Sources */,
				87EC714C1CFA380F00FBDDDE /* Frameworks */,
				87EC714D1CFA380F00FBDDDE /* Resources */,
				7E951D32C261E9289B04B286 /* [CP] Embed Pods Frameworks */,
				0032BF5753977F17165877AF /* [CP] Copy Pods Resources */,
			);
			buildRules = (
			);
			dependencies = (
				87EC71551CFA380F00FBDDDE /* PBXTargetDependency */,
			);
			name = APIClientTests;
			productName = APIClientTests;
			productReference = 87EC714F1CFA380F00FBDDDE /* APIClientTests.xctest */;
			productType = "com.apple.product-type.bundle.unit-test";
		};
		87EC715C1CFA381600FBDDDE /* APIClientUITests */ = {
			isa = PBXNativeTarget;
			buildConfigurationList = 87EC71641CFA381600FBDDDE /* Build configuration list for PBXNativeTarget "APIClientUITests" */;
			buildPhases = (
				B1CFFA6AFE5B3BCE58836CEE /* [CP] Check Pods Manifest.lock */,
				87EC71591CFA381600FBDDDE /* Sources */,
				87EC715A1CFA381600FBDDDE /* Frameworks */,
				87EC715B1CFA381600FBDDDE /* Resources */,
				87EC716B1CFA3CA100FBDDDE /* [CP] Embed Pods Frameworks */,
				A88CAB56517C46775BB21926 /* [CP] Copy Pods Resources */,
			);
			buildRules = (
			);
			dependencies = (
				87EC71631CFA381600FBDDDE /* PBXTargetDependency */,
			);
			name = APIClientUITests;
			productName = APIClientUITests;
			productReference = 87EC715D1CFA381600FBDDDE /* APIClientUITests.xctest */;
			productType = "com.apple.product-type.bundle.ui-testing";
		};
/* End PBXNativeTarget section */

/* Begin PBXProject section */
		874D064D1CEF295E009A494D /* Project object */ = {
			isa = PBXProject;
			attributes = {
				LastSwiftUpdateCheck = 0730;
				LastUpgradeCheck = 0730;
				ORGANIZATIONNAME = "iOS Dev Kurs Universität Heidelberg";
				TargetAttributes = {
					874D06541CEF295E009A494D = {
						CreatedOnToolsVersion = 7.3.1;
						LastSwiftMigration = 0830;
					};
					87EC714E1CFA380F00FBDDDE = {
						CreatedOnToolsVersion = 7.3.1;
						LastSwiftMigration = 0830;
						TestTargetID = 874D06541CEF295E009A494D;
					};
					87EC715C1CFA381600FBDDDE = {
						CreatedOnToolsVersion = 7.3.1;
						LastSwiftMigration = 0830;
						TestTargetID = 874D06541CEF295E009A494D;
					};
				};
			};
			buildConfigurationList = 874D06501CEF295E009A494D /* Build configuration list for PBXProject "APIClient" */;
			compatibilityVersion = "Xcode 3.2";
			developmentRegion = English;
			hasScannedForEncodings = 0;
			knownRegions = (
				en,
				Base,
			);
			mainGroup = 874D064C1CEF295E009A494D;
			productRefGroup = 874D06561CEF295E009A494D /* Products */;
			projectDirPath = "";
			projectRoot = "";
			targets = (
				874D06541CEF295E009A494D /* APIClient */,
				87EC714E1CFA380F00FBDDDE /* APIClientTests */,
				87EC715C1CFA381600FBDDDE /* APIClientUITests */,
			);
		};
/* End PBXProject section */

/* Begin PBXResourcesBuildPhase section */
		874D06531CEF295E009A494D /* Resources */ = {
			isa = PBXResourcesBuildPhase;
			buildActionMask = 2147483647;
			files = (
				874D06631CEF295E009A494D /* LaunchScreen.storyboard in Resources */,
				874D06601CEF295E009A494D /* Assets.xcassets in Resources */,
				874D065E1CEF295E009A494D /* Main.storyboard in Resources */,
			);
			runOnlyForDeploymentPostprocessing = 0;
		};
		87EC714D1CFA380F00FBDDDE /* Resources */ = {
			isa = PBXResourcesBuildPhase;
			buildActionMask = 2147483647;
			files = (
			);
			runOnlyForDeploymentPostprocessing = 0;
		};
		87EC715B1CFA381600FBDDDE /* Resources */ = {
			isa = PBXResourcesBuildPhase;
			buildActionMask = 2147483647;
			files = (
			);
			runOnlyForDeploymentPostprocessing = 0;
		};
/* End PBXResourcesBuildPhase section */

/* Begin PBXShellScriptBuildPhase section */
		0032BF5753977F17165877AF /* [CP] Copy Pods Resources */ = {
			isa = PBXShellScriptBuildPhase;
			buildActionMask = 2147483647;
			files = (
			);
			inputPaths = (
			);
			name = "[CP] Copy Pods Resources";
			outputPaths = (
			);
			runOnlyForDeploymentPostprocessing = 0;
			shellPath = /bin/sh;
			shellScript = "\"${SRCROOT}/Pods/Target Support Files/Pods-APIClientTests/Pods-APIClientTests-resources.sh\"\n";
			showEnvVarsInLog = 0;
		};
		353BFD219018DADC12E19A38 /* [CP] Copy Pods Resources */ = {
			isa = PBXShellScriptBuildPhase;
			buildActionMask = 2147483647;
			files = (
			);
			inputPaths = (
			);
			name = "[CP] Copy Pods Resources";
			outputPaths = (
			);
			runOnlyForDeploymentPostprocessing = 0;
			shellPath = /bin/sh;
			shellScript = "\"${SRCROOT}/Pods/Target Support Files/Pods-APIClient/Pods-APIClient-resources.sh\"\n";
			showEnvVarsInLog = 0;
		};
		46810DD19FC8355AB5B97BE0 /* [CP] Check Pods Manifest.lock */ = {
			isa = PBXShellScriptBuildPhase;
			buildActionMask = 2147483647;
			files = (
			);
			inputPaths = (
			);
			name = "[CP] Check Pods Manifest.lock";
			outputPaths = (
			);
			runOnlyForDeploymentPostprocessing = 0;
			shellPath = /bin/sh;
			shellScript = "diff \"${PODS_ROOT}/../Podfile.lock\" \"${PODS_ROOT}/Manifest.lock\" > /dev/null\nif [ $? != 0 ] ; then\n    # print error to STDERR\n    echo \"error: The sandbox is not in sync with the Podfile.lock. Run 'pod install' or update your CocoaPods installation.\" >&2\n    exit 1\nfi\n";
			showEnvVarsInLog = 0;
		};
		63A898AB1E385BFD9CE49E01 /* [CP] Embed Pods Frameworks */ = {
			isa = PBXShellScriptBuildPhase;
			buildActionMask = 2147483647;
			files = (
			);
			inputPaths = (
			);
			name = "[CP] Embed Pods Frameworks";
			outputPaths = (
			);
			runOnlyForDeploymentPostprocessing = 0;
			shellPath = /bin/sh;
			shellScript = "\"${SRCROOT}/Pods/Target Support Files/Pods-APIClient/Pods-APIClient-frameworks.sh\"\n";
			showEnvVarsInLog = 0;
		};
		766803B31A3F89C2C74D599B /* [CP] Check Pods Manifest.lock */ = {
			isa = PBXShellScriptBuildPhase;
			buildActionMask = 2147483647;
			files = (
			);
			inputPaths = (
			);
			name = "[CP] Check Pods Manifest.lock";
			outputPaths = (
			);
			runOnlyForDeploymentPostprocessing = 0;
			shellPath = /bin/sh;
			shellScript = "diff \"${PODS_ROOT}/../Podfile.lock\" \"${PODS_ROOT}/Manifest.lock\" > /dev/null\nif [ $? != 0 ] ; then\n    # print error to STDERR\n    echo \"error: The sandbox is not in sync with the Podfile.lock. Run 'pod install' or update your CocoaPods installation.\" >&2\n    exit 1\nfi\n";
			showEnvVarsInLog = 0;
		};
		7E951D32C261E9289B04B286 /* [CP] Embed Pods Frameworks */ = {
			isa = PBXShellScriptBuildPhase;
			buildActionMask = 2147483647;
			files = (
			);
			inputPaths = (
			);
			name = "[CP] Embed Pods Frameworks";
			outputPaths = (
			);
			runOnlyForDeploymentPostprocessing = 0;
			shellPath = /bin/sh;
			shellScript = "\"${SRCROOT}/Pods/Target Support Files/Pods-APIClientTests/Pods-APIClientTests-frameworks.sh\"\n";
			showEnvVarsInLog = 0;
		};
		87EC716B1CFA3CA100FBDDDE /* [CP] Embed Pods Frameworks */ = {
			isa = PBXShellScriptBuildPhase;
			buildActionMask = 2147483647;
			files = (
			);
			inputPaths = (
			);
			name = "[CP] Embed Pods Frameworks";
			outputPaths = (
			);
			runOnlyForDeploymentPostprocessing = 0;
			shellPath = /bin/sh;
			shellScript = "\"${SRCROOT}/Pods/Target Support Files/Pods-APIClientUITests/Pods-APIClientUITests-frameworks.sh\"\n";
		};
		A88CAB56517C46775BB21926 /* [CP] Copy Pods Resources */ = {
			isa = PBXShellScriptBuildPhase;
			buildActionMask = 2147483647;
			files = (
			);
			inputPaths = (
			);
			name = "[CP] Copy Pods Resources";
			outputPaths = (
			);
			runOnlyForDeploymentPostprocessing = 0;
			shellPath = /bin/sh;
			shellScript = "\"${SRCROOT}/Pods/Target Support Files/Pods-APIClientUITests/Pods-APIClientUITests-resources.sh\"\n";
			showEnvVarsInLog = 0;
		};
		B1CFFA6AFE5B3BCE58836CEE /* [CP] Check Pods Manifest.lock */ = {
			isa = PBXShellScriptBuildPhase;
			buildActionMask = 2147483647;
			files = (
			);
			inputPaths = (
			);
			name = "[CP] Check Pods Manifest.lock";
			outputPaths = (
			);
			runOnlyForDeploymentPostprocessing = 0;
			shellPath = /bin/sh;
			shellScript = "diff \"${PODS_ROOT}/../Podfile.lock\" \"${PODS_ROOT}/Manifest.lock\" > /dev/null\nif [ $? != 0 ] ; then\n    # print error to STDERR\n    echo \"error: The sandbox is not in sync with the Podfile.lock. Run 'pod install' or update your CocoaPods installation.\" >&2\n    exit 1\nfi\n";
			showEnvVarsInLog = 0;
		};
/* End PBXShellScriptBuildPhase section */

/* Begin PBXSourcesBuildPhase section */
		874D06511CEF295E009A494D /* Sources */ = {
			isa = PBXSourcesBuildPhase;
			buildActionMask = 2147483647;
			files = (
				874D06711CEF6877009A494D /* PokemonSpeciesCell.swift in Sources */,
				874D066B1CEF2BC0009A494D /* PokeAPI.swift in Sources */,
				8744AA5A1CF22716001B0470 /* PokedexEntriesViewController.swift in Sources */,
				874D065B1CEF295E009A494D /* PokedexViewController.swift in Sources */,
				8744AA5C1CF22955001B0470 /* PokedexEntryCell.swift in Sources */,
				874D066F1CEF372D009A494D /* Pokedex.swift in Sources */,
				874D06591CEF295E009A494D /* AppDelegate.swift in Sources */,
				8744AA581CF2199F001B0470 /* PokemonViewController.swift in Sources */,
				8772EDAE1E99717500CE5D3A /* APIResource.swift in Sources */,
				874D066D1CEF2F49009A494D /* Pokemon.swift in Sources */,
			);
			runOnlyForDeploymentPostprocessing = 0;
		};
		87EC714B1CFA380F00FBDDDE /* Sources */ = {
			isa = PBXSourcesBuildPhase;
			buildActionMask = 2147483647;
			files = (
			);
			runOnlyForDeploymentPostprocessing = 0;
		};
		87EC71591CFA381600FBDDDE /* Sources */ = {
			isa = PBXSourcesBuildPhase;
			buildActionMask = 2147483647;
			files = (
			);
			runOnlyForDeploymentPostprocessing = 0;
		};
/* End PBXSourcesBuildPhase section */

/* Begin PBXTargetDependency section */
		87EC71551CFA380F00FBDDDE /* PBXTargetDependency */ = {
			isa = PBXTargetDependency;
			target = 874D06541CEF295E009A494D /* APIClient */;
			targetProxy = 87EC71541CFA380F00FBDDDE /* PBXContainerItemProxy */;
		};
		87EC71631CFA381600FBDDDE /* PBXTargetDependency */ = {
			isa = PBXTargetDependency;
			target = 874D06541CEF295E009A494D /* APIClient */;
			targetProxy = 87EC71621CFA381600FBDDDE /* PBXContainerItemProxy */;
		};
/* End PBXTargetDependency section */

/* Begin PBXVariantGroup section */
		874D065C1CEF295E009A494D /* Main.storyboard */ = {
			isa = PBXVariantGroup;
			children = (
				874D065D1CEF295E009A494D /* Base */,
			);
			name = Main.storyboard;
			sourceTree = "<group>";
		};
		874D06611CEF295E009A494D /* LaunchScreen.storyboard */ = {
			isa = PBXVariantGroup;
			children = (
				874D06621CEF295E009A494D /* Base */,
			);
			name = LaunchScreen.storyboard;
			sourceTree = "<group>";
		};
/* End PBXVariantGroup section */

/* Begin XCBuildConfiguration section */
		874D06651CEF295E009A494D /* Debug */ = {
			isa = XCBuildConfiguration;
			buildSettings = {
				ALWAYS_SEARCH_USER_PATHS = NO;
				CLANG_ANALYZER_NONNULL = YES;
				CLANG_CXX_LANGUAGE_STANDARD = "gnu++0x";
				CLANG_CXX_LIBRARY = "libc++";
				CLANG_ENABLE_MODULES = YES;
				CLANG_ENABLE_OBJC_ARC = YES;
				CLANG_WARN_BOOL_CONVERSION = YES;
				CLANG_WARN_CONSTANT_CONVERSION = YES;
				CLANG_WARN_DIRECT_OBJC_ISA_USAGE = YES_ERROR;
				CLANG_WARN_EMPTY_BODY = YES;
				CLANG_WARN_ENUM_CONVERSION = YES;
				CLANG_WARN_INT_CONVERSION = YES;
				CLANG_WARN_OBJC_ROOT_CLASS = YES_ERROR;
				CLANG_WARN_UNREACHABLE_CODE = YES;
				CLANG_WARN__DUPLICATE_METHOD_MATCH = YES;
				"CODE_SIGN_IDENTITY[sdk=iphoneos*]" = "iPhone Developer";
				COPY_PHASE_STRIP = NO;
				DEBUG_INFORMATION_FORMAT = dwarf;
				ENABLE_STRICT_OBJC_MSGSEND = YES;
				ENABLE_TESTABILITY = YES;
				GCC_C_LANGUAGE_STANDARD = gnu99;
				GCC_DYNAMIC_NO_PIC = NO;
				GCC_NO_COMMON_BLOCKS = YES;
				GCC_OPTIMIZATION_LEVEL = 0;
				GCC_PREPROCESSOR_DEFINITIONS = (
					"DEBUG=1",
					"$(inherited)",
				);
				GCC_WARN_64_TO_32_BIT_CONVERSION = YES;
				GCC_WARN_ABOUT_RETURN_TYPE = YES_ERROR;
				GCC_WARN_UNDECLARED_SELECTOR = YES;
				GCC_WARN_UNINITIALIZED_AUTOS = YES_AGGRESSIVE;
				GCC_WARN_UNUSED_FUNCTION = YES;
				GCC_WARN_UNUSED_VARIABLE = YES;
				IPHONEOS_DEPLOYMENT_TARGET = 9.3;
				MTL_ENABLE_DEBUG_INFO = YES;
				ONLY_ACTIVE_ARCH = YES;
				SDKROOT = iphoneos;
				SWIFT_OPTIMIZATION_LEVEL = "-Onone";
				TARGETED_DEVICE_FAMILY = "1,2";
			};
			name = Debug;
		};
		874D06661CEF295E009A494D /* Release */ = {
			isa = XCBuildConfiguration;
			buildSettings = {
				ALWAYS_SEARCH_USER_PATHS = NO;
				CLANG_ANALYZER_NONNULL = YES;
				CLANG_CXX_LANGUAGE_STANDARD = "gnu++0x";
				CLANG_CXX_LIBRARY = "libc++";
				CLANG_ENABLE_MODULES = YES;
				CLANG_ENABLE_OBJC_ARC = YES;
				CLANG_WARN_BOOL_CONVERSION = YES;
				CLANG_WARN_CONSTANT_CONVERSION = YES;
				CLANG_WARN_DIRECT_OBJC_ISA_USAGE = YES_ERROR;
				CLANG_WARN_EMPTY_BODY = YES;
				CLANG_WARN_ENUM_CONVERSION = YES;
				CLANG_WARN_INT_CONVERSION = YES;
				CLANG_WARN_OBJC_ROOT_CLASS = YES_ERROR;
				CLANG_WARN_UNREACHABLE_CODE = YES;
				CLANG_WARN__DUPLICATE_METHOD_MATCH = YES;
				"CODE_SIGN_IDENTITY[sdk=iphoneos*]" = "iPhone Developer";
				COPY_PHASE_STRIP = NO;
				DEBUG_INFORMATION_FORMAT = "dwarf-with-dsym";
				ENABLE_NS_ASSERTIONS = NO;
				ENABLE_STRICT_OBJC_MSGSEND = YES;
				GCC_C_LANGUAGE_STANDARD = gnu99;
				GCC_NO_COMMON_BLOCKS = YES;
				GCC_WARN_64_TO_32_BIT_CONVERSION = YES;
				GCC_WARN_ABOUT_RETURN_TYPE = YES_ERROR;
				GCC_WARN_UNDECLARED_SELECTOR = YES;
				GCC_WARN_UNINITIALIZED_AUTOS = YES_AGGRESSIVE;
				GCC_WARN_UNUSED_FUNCTION = YES;
				GCC_WARN_UNUSED_VARIABLE = YES;
				IPHONEOS_DEPLOYMENT_TARGET = 9.3;
				MTL_ENABLE_DEBUG_INFO = NO;
				SDKROOT = iphoneos;
				TARGETED_DEVICE_FAMILY = "1,2";
				VALIDATE_PRODUCT = YES;
			};
			name = Release;
		};
		874D06681CEF295E009A494D /* Debug */ = {
			isa = XCBuildConfiguration;
			baseConfigurationReference = 93EFAB13AE62F1B6FB2683B2 /* Pods-APIClient.debug.xcconfig */;
			buildSettings = {
				ASSETCATALOG_COMPILER_APPICON_NAME = AppIcon;
				INFOPLIST_FILE = APIClient/Info.plist;
				LD_RUNPATH_SEARCH_PATHS = "$(inherited) @executable_path/Frameworks";
				PRODUCT_BUNDLE_IDENTIFIER = "de.uni-heidelberg.ios-dev-kurs.APIClient";
				PRODUCT_NAME = "$(TARGET_NAME)";
				SWIFT_VERSION = 3.0;
			};
			name = Debug;
		};
		874D06691CEF295E009A494D /* Release */ = {
			isa = XCBuildConfiguration;
			baseConfigurationReference = FFE13D543A95D28F27CFBDA4 /* Pods-APIClient.release.xcconfig */;
			buildSettings = {
				ASSETCATALOG_COMPILER_APPICON_NAME = AppIcon;
				INFOPLIST_FILE = APIClient/Info.plist;
				LD_RUNPATH_SEARCH_PATHS = "$(inherited) @executable_path/Frameworks";
				PRODUCT_BUNDLE_IDENTIFIER = "de.uni-heidelberg.ios-dev-kurs.APIClient";
				PRODUCT_NAME = "$(TARGET_NAME)";
				SWIFT_VERSION = 3.0;
			};
			name = Release;
		};
		87EC71561CFA380F00FBDDDE /* Debug */ = {
			isa = XCBuildConfiguration;
			baseConfigurationReference = F8B9811B1068B05E73195990 /* Pods-APIClientTests.debug.xcconfig */;
			buildSettings = {
				BUNDLE_LOADER = "$(TEST_HOST)";
				INFOPLIST_FILE = APIClientTests/Info.plist;
				LD_RUNPATH_SEARCH_PATHS = "$(inherited) @executable_path/Frameworks @loader_path/Frameworks";
				PRODUCT_BUNDLE_IDENTIFIER = "de.uni-heidelberg.ios-dev-kurs.APIClientTests";
				PRODUCT_NAME = "$(TARGET_NAME)";
				SWIFT_VERSION = 3.0;
				TEST_HOST = "$(BUILT_PRODUCTS_DIR)/APIClient.app/APIClient";
			};
			name = Debug;
		};
		87EC71571CFA380F00FBDDDE /* Release */ = {
			isa = XCBuildConfiguration;
			baseConfigurationReference = 65C820A0F52E3181871F5ECA /* Pods-APIClientTests.release.xcconfig */;
			buildSettings = {
				BUNDLE_LOADER = "$(TEST_HOST)";
				INFOPLIST_FILE = APIClientTests/Info.plist;
				LD_RUNPATH_SEARCH_PATHS = "$(inherited) @executable_path/Frameworks @loader_path/Frameworks";
				PRODUCT_BUNDLE_IDENTIFIER = "de.uni-heidelberg.ios-dev-kurs.APIClientTests";
				PRODUCT_NAME = "$(TARGET_NAME)";
				SWIFT_VERSION = 3.0;
				TEST_HOST = "$(BUILT_PRODUCTS_DIR)/APIClient.app/APIClient";
			};
			name = Release;
		};
		87EC71651CFA381600FBDDDE /* Debug */ = {
			isa = XCBuildConfiguration;
			baseConfigurationReference = C67B3B3E7990BE278400974F /* Pods-APIClientUITests.debug.xcconfig */;
			buildSettings = {
				INFOPLIST_FILE = APIClientUITests/Info.plist;
				LD_RUNPATH_SEARCH_PATHS = "$(inherited) @executable_path/Frameworks @loader_path/Frameworks";
				PRODUCT_BUNDLE_IDENTIFIER = "de.uni-heidelberg.ios-dev-kurs.APIClientUITests";
				PRODUCT_NAME = "$(TARGET_NAME)";
				SWIFT_VERSION = 3.0;
				TEST_TARGET_NAME = APIClient;
			};
			name = Debug;
		};
		87EC71661CFA381600FBDDDE /* Release */ = {
			isa = XCBuildConfiguration;
			baseConfigurationReference = 198B23CD94C6D84016A5208A /* Pods-APIClientUITests.release.xcconfig */;
			buildSettings = {
				INFOPLIST_FILE = APIClientUITests/Info.plist;
				LD_RUNPATH_SEARCH_PATHS = "$(inherited) @executable_path/Frameworks @loader_path/Frameworks";
				PRODUCT_BUNDLE_IDENTIFIER = "de.uni-heidelberg.ios-dev-kurs.APIClientUITests";
				PRODUCT_NAME = "$(TARGET_NAME)";
				SWIFT_VERSION = 3.0;
				TEST_TARGET_NAME = APIClient;
			};
			name = Release;
		};
/* End XCBuildConfiguration section */

/* Begin XCConfigurationList section */
		874D06501CEF295E009A494D /* Build configuration list for PBXProject "APIClient" */ = {
			isa = XCConfigurationList;
			buildConfigurations = (
				874D06651CEF295E009A494D /* Debug */,
				874D06661CEF295E009A494D /* Release */,
			);
			defaultConfigurationIsVisible = 0;
			defaultConfigurationName = Release;
		};
		874D06671CEF295E009A494D /* Build configuration list for PBXNativeTarget "APIClient" */ = {
			isa = XCConfigurationList;
			buildConfigurations = (
				874D06681CEF295E009A494D /* Debug */,
				874D06691CEF295E009A494D /* Release */,
			);
			defaultConfigurationIsVisible = 0;
			defaultConfigurationName = Release;
		};
		87EC71581CFA380F00FBDDDE /* Build configuration list for PBXNativeTarget "APIClientTests" */ = {
			isa = XCConfigurationList;
			buildConfigurations = (
				87EC71561CFA380F00FBDDDE /* Debug */,
				87EC71571CFA380F00FBDDDE /* Release */,
			);
			defaultConfigurationIsVisible = 0;
			defaultConfigurationName = Release;
		};
		87EC71641CFA381600FBDDDE /* Build configuration list for PBXNativeTarget "APIClientUITests" */ = {
			isa = XCConfigurationList;
			buildConfigurations = (
				87EC71651CFA381600FBDDDE /* Debug */,
				87EC71661CFA381600FBDDDE /* Release */,
			);
			defaultConfigurationIsVisible = 0;
			defaultConfigurationName = Release;
		};
/* End XCConfigurationList section */
	};
	rootObject = 874D064D1CEF295E009A494D /* Project object */;
}
